
Microsoft Visual Studio Solution File, Format Version 12.00
# Visual Studio Version 16
VisualStudioVersion = 16.0.30128.74
MinimumVisualStudioVersion = 10.0.40219.1
Project("{FAE04EC0-301F-11D3-BF4B-00C04F79EFBC}") = "RPG Assignment", "RPG Assignment.csproj", "{B8BE4DC2-29BA-4EA3-9BB3-B2D288E00834}"
EndProject
Global
	GlobalSection(SolutionConfigurationPlatforms) = preSolution
		Debug|Any CPU = Debug|Any CPU
		Release|Any CPU = Release|Any CPU
	EndGlobalSection
	GlobalSection(ProjectConfigurationPlatforms) = postSolution
		{B8BE4DC2-29BA-4EA3-9BB3-B2D288E00834}.Debug|Any CPU.ActiveCfg = Debug|Any CPU
		{B8BE4DC2-29BA-4EA3-9BB3-B2D288E00834}.Debug|Any CPU.Build.0 = Debug|Any CPU
		{B8BE4DC2-29BA-4EA3-9BB3-B2D288E00834}.Release|Any CPU.ActiveCfg = Release|Any CPU
		{B8BE4DC2-29BA-4EA3-9BB3-B2D288E00834}.Release|Any CPU.Build.0 = Release|Any CPU
	EndGlobalSection
	GlobalSection(SolutionProperties) = preSolution
		HideSolutionNode = FALSE
	EndGlobalSection
	GlobalSection(ExtensibilityGlobals) = postSolution
		SolutionGuid = {639118F2-44E2-464B-B8D5-82C475DDC816}
	EndGlobalSection
EndGlobal
